
Microsoft Visual Studio Solution File, Format Version 12.00
# Visual Studio 2013
VisualStudioVersion = 12.0.40629.0
MinimumVisualStudioVersion = 10.0.40219.1
Project("{8BC9CEB8-8B4A-11D0-8D11-00A0C91BC942}") = "1", "1\1.vcxproj", "{6FA43E5D-A134-429A-81F8-6E441BE94B52}"
EndProject
Project("{8BC9CEB8-8B4A-11D0-8D11-00A0C91BC942}") = "2", "2\2.vcxproj", "{B4C99D8F-AC25-4E8C-8733-45A7924CDFDE}"
EndProject
Project("{8BC9CEB8-8B4A-11D0-8D11-00A0C91BC942}") = "3", "3\3.vcxproj", "{2C3F32F4-542A-47EA-A23C-748219FFC407}"
EndProject
Global
	GlobalSection(SolutionConfigurationPlatforms) = preSolution
		Debug|Win32 = Debug|Win32
		Release|Win32 = Release|Win32
	EndGlobalSection
	GlobalSection(ProjectConfigurationPlatforms) = postSolution
		{6FA43E5D-A134-429A-81F8-6E441BE94B52}.Debug|Win32.ActiveCfg = Debug|Win32
		{6FA43E5D-A134-429A-81F8-6E441BE94B52}.Debug|Win32.Build.0 = Debug|Win32
		{6FA43E5D-A134-429A-81F8-6E441BE94B52}.Release|Win32.ActiveCfg = Release|Win32
		{6FA43E5D-A134-429A-81F8-6E441BE94B52}.Release|Win32.Build.0 = Release|Win32
		{B4C99D8F-AC25-4E8C-8733-45A7924CDFDE}.Debug|Win32.ActiveCfg = Debug|Win32
		{B4C99D8F-AC25-4E8C-8733-45A7924CDFDE}.Debug|Win32.Build.0 = Debug|Win32
		{B4C99D8F-AC25-4E8C-8733-45A7924CDFDE}.Release|Win32.ActiveCfg = Release|Win32
		{B4C99D8F-AC25-4E8C-8733-45A7924CDFDE}.Release|Win32.Build.0 = Release|Win32
		{2C3F32F4-542A-47EA-A23C-748219FFC407}.Debug|Win32.ActiveCfg = Debug|Win32
		{2C3F32F4-542A-47EA-A23C-748219FFC407}.Debug|Win32.Build.0 = Debug|Win32
		{2C3F32F4-542A-47EA-A23C-748219FFC407}.Release|Win32.ActiveCfg = Release|Win32
		{2C3F32F4-542A-47EA-A23C-748219FFC407}.Release|Win32.Build.0 = Release|Win32
	EndGlobalSection
	GlobalSection(SolutionProperties) = preSolution
		HideSolutionNode = FALSE
	EndGlobalSection
EndGlobal
